
Microsoft Visual Studio Solution File, Format Version 12.00
# Visual Studio Version 17
VisualStudioVersion = 17.14.36518.9 d17.14
MinimumVisualStudioVersion = 10.0.40219.1
Project("{8BC9CEB8-8B4A-11D0-8D11-00A0C91BC942}") = "LESSON_49_TRY_CATCH", "LESSON_49_TRY_CATCH.vcxproj", "{C509B546-39F1-43CD-BC30-0FE5BBAA0769}"
EndProject
Global
	GlobalSection(SolutionConfigurationPlatforms) = preSolution
		Debug|x64 = Debug|x64
		Debug|x86 = Debug|x86
		Release|x64 = Release|x64
		Release|x86 = Release|x86
	EndGlobalSection
	GlobalSection(ProjectConfigurationPlatforms) = postSolution
		{C509B546-39F1-43CD-BC30-0FE5BBAA0769}.Debug|x64.ActiveCfg = Debug|x64
		{C509B546-39F1-43CD-BC30-0FE5BBAA0769}.Debug|x64.Build.0 = Debug|x64
		{C509B546-39F1-43CD-BC30-0FE5BBAA0769}.Debug|x86.ActiveCfg = Debug|Win32
		{C509B546-39F1-43CD-BC30-0FE5BBAA0769}.Debug|x86.Build.0 = Debug|Win32
		{C509B546-39F1-43CD-BC30-0FE5BBAA0769}.Release|x64.ActiveCfg = Release|x64
		{C509B546-39F1-43CD-BC30-0FE5BBAA0769}.Release|x64.Build.0 = Release|x64
		{C509B546-39F1-43CD-BC30-0FE5BBAA0769}.Release|x86.ActiveCfg = Release|Win32
		{C509B546-39F1-43CD-BC30-0FE5BBAA0769}.Release|x86.Build.0 = Release|Win32
	EndGlobalSection
	GlobalSection(SolutionProperties) = preSolution
		HideSolutionNode = FALSE
	EndGlobalSection
	GlobalSection(ExtensibilityGlobals) = postSolution
		SolutionGuid = {7B5E31F5-E2D0-4492-A11F-3309606E81CF}
	EndGlobalSection
EndGlobal
