
Microsoft Visual Studio Solution File, Format Version 12.00
# Visual Studio Version 17
VisualStudioVersion = 17.14.36414.22 d17.14
MinimumVisualStudioVersion = 10.0.40219.1
Project("{8BC9CEB8-8B4A-11D0-8D11-00A0C91BC942}") = "LESSON_22_REGISTER_VARIABLE", "LESSON_22_REGISTER_VARIABLE.vcxproj", "{77644BB4-1B4E-401E-A306-A938F26DA26A}"
EndProject
Global
	GlobalSection(SolutionConfigurationPlatforms) = preSolution
		Debug|x64 = Debug|x64
		Debug|x86 = Debug|x86
		Release|x64 = Release|x64
		Release|x86 = Release|x86
	EndGlobalSection
	GlobalSection(ProjectConfigurationPlatforms) = postSolution
		{77644BB4-1B4E-401E-A306-A938F26DA26A}.Debug|x64.ActiveCfg = Debug|x64
		{77644BB4-1B4E-401E-A306-A938F26DA26A}.Debug|x64.Build.0 = Debug|x64
		{77644BB4-1B4E-401E-A306-A938F26DA26A}.Debug|x86.ActiveCfg = Debug|Win32
		{77644BB4-1B4E-401E-A306-A938F26DA26A}.Debug|x86.Build.0 = Debug|Win32
		{77644BB4-1B4E-401E-A306-A938F26DA26A}.Release|x64.ActiveCfg = Release|x64
		{77644BB4-1B4E-401E-A306-A938F26DA26A}.Release|x64.Build.0 = Release|x64
		{77644BB4-1B4E-401E-A306-A938F26DA26A}.Release|x86.ActiveCfg = Release|Win32
		{77644BB4-1B4E-401E-A306-A938F26DA26A}.Release|x86.Build.0 = Release|Win32
	EndGlobalSection
	GlobalSection(SolutionProperties) = preSolution
		HideSolutionNode = FALSE
	EndGlobalSection
	GlobalSection(ExtensibilityGlobals) = postSolution
		SolutionGuid = {41D579C4-D26C-4D7A-ACF9-34CBD7D340E9}
	EndGlobalSection
EndGlobal
